
Microsoft Visual Studio Solution File, Format Version 12.00
# Visual Studio Version 16
VisualStudioVersion = 16.0.30309.148
MinimumVisualStudioVersion = 10.0.40219.1
Project("{888888A0-9F3D-457C-B088-3A5042F75D52}") = "Factorial", "Factorial\Factorial.pyproj", "{029C9A91-8BF8-43E0-A57A-98CD5A3647B2}"
EndProject
Global
	GlobalSection(SolutionConfigurationPlatforms) = preSolution
		Debug|Any CPU = Debug|Any CPU
		Release|Any CPU = Release|Any CPU
	EndGlobalSection
	GlobalSection(ProjectConfigurationPlatforms) = postSolution
		{029C9A91-8BF8-43E0-A57A-98CD5A3647B2}.Debug|Any CPU.ActiveCfg = Debug|Any CPU
		{029C9A91-8BF8-43E0-A57A-98CD5A3647B2}.Release|Any CPU.ActiveCfg = Release|Any CPU
	EndGlobalSection
	GlobalSection(SolutionProperties) = preSolution
		HideSolutionNode = FALSE
	EndGlobalSection
	GlobalSection(ExtensibilityGlobals) = postSolution
		SolutionGuid = {7317A8A5-8783-4827-A9B9-C8EC95527145}
	EndGlobalSection
EndGlobal
